
Microsoft Visual Studio Solution File, Format Version 12.00
# Visual Studio Version 17
VisualStudioVersion = 17.1.32228.430
MinimumVisualStudioVersion = 10.0.40219.1
Project("{2150E333-8FDC-42A3-9474-1A3956D46DE8}") = "Services", "Services", "{9BE7B8C8-8C76-4E7D-BD97-A2EE7C22BF4E}"
EndProject
Project("{2150E333-8FDC-42A3-9474-1A3956D46DE8}") = "Catalog", "Catalog", "{93C6A1CD-3447-42B9-BA31-BFE57DC2660A}"
EndProject
Project("{9A19103F-16F7-4668-BE54-9A1E7A4F7556}") = "Catalog.API", "Services\Catalog\Catalog.API\Catalog.API.csproj", "{11AA544D-06C6-45FA-9986-9124F47F3CFC}"
EndProject
Project("{E53339B2-1760-4266-BCC7-CA923CBCF16C}") = "docker-compose", "docker-compose.dcproj", "{0674D337-AC64-40B0-B255-39889F82BC13}"
EndProject
Project("{2150E333-8FDC-42A3-9474-1A3956D46DE8}") = "Basket", "Basket", "{BC248035-3995-4FC6-AE14-6EC17E57AE38}"
EndProject
Project("{9A19103F-16F7-4668-BE54-9A1E7A4F7556}") = "Basket.API", "Services\Basket\Basket.API\Basket.API.csproj", "{675FA31E-34AE-4FEF-A33D-6EEFCFD0B382}"
EndProject
Project("{2150E333-8FDC-42A3-9474-1A3956D46DE8}") = "Discount", "Discount", "{4A7AEF43-1B82-430D-91DF-8ABE9EB93183}"
EndProject
Project("{9A19103F-16F7-4668-BE54-9A1E7A4F7556}") = "Discount.API", "Services\Discount\Discount.API\Discount.API.csproj", "{4C15A35F-B5BB-4AAA-9B94-087B6A720240}"
EndProject
Project("{9A19103F-16F7-4668-BE54-9A1E7A4F7556}") = "Discount.Grpc", "Services\Discount\Discount.Grpc\Discount.Grpc.csproj", "{70728011-8608-47EF-A425-FE3FC6D1D710}"
EndProject
Project("{2150E333-8FDC-42A3-9474-1A3956D46DE8}") = "Ordering", "Ordering", "{86C04C58-6E0F-494D-A89C-209BFA8FDA81}"
EndProject
Project("{9A19103F-16F7-4668-BE54-9A1E7A4F7556}") = "Ordering.API", "Services\Ordering\Ordering.API\Ordering.API.csproj", "{A5B42EDD-D923-4BB9-A719-37CC415E96FC}"
EndProject
Project("{9A19103F-16F7-4668-BE54-9A1E7A4F7556}") = "Ordering.Domain", "Services\Ordering\Ordering.Domain\Ordering.Domain.csproj", "{6D6D9EED-75E8-4DA9-B561-C2949E4325DA}"
EndProject
Project("{9A19103F-16F7-4668-BE54-9A1E7A4F7556}") = "Ordering.Application", "Services\Ordering\Ordering.Application\Ordering.Application.csproj", "{BB941E88-7C04-4276-BB9E-CFCBF2ADD40E}"
EndProject
Project("{9A19103F-16F7-4668-BE54-9A1E7A4F7556}") = "Ordering.Infrastructure", "Services\Ordering\Ordering.Infrastructure\Ordering.Infrastructure.csproj", "{985F839E-6F9F-4727-95FA-98C3E8906C68}"
EndProject
Project("{2150E333-8FDC-42A3-9474-1A3956D46DE8}") = "BuildingBlocks", "BuildingBlocks", "{43AE9F7C-E98C-4FC7-BA48-1438FB4DCEB7}"
EndProject
Project("{9A19103F-16F7-4668-BE54-9A1E7A4F7556}") = "EventBus.Messages", "BuildingBlocks\EventBus.Messages\EventBus.Messages.csproj", "{81D3C3F5-ACC2-402F-ACED-BDB5C0F7D59B}"
EndProject
Project("{2150E333-8FDC-42A3-9474-1A3956D46DE8}") = "ApiGateways", "ApiGateways", "{7A4E1627-2175-4F76-BE90-5B60E8415EDA}"
EndProject
Project("{9A19103F-16F7-4668-BE54-9A1E7A4F7556}") = "OcelotApiGw", "ApiGateways\OcelotApiGw\OcelotApiGw.csproj", "{1EDA7EDF-BCFC-4A11-B568-C87D8ADDD623}"
EndProject
Project("{FAE04EC0-301F-11D3-BF4B-00C04F79EFBC}") = "Shopping.Aggregator", "ApiGateways\Shopping.Aggregator\Shopping.Aggregator.csproj", "{35738D0F-816F-4695-B917-2F6BC90C79A5}"
EndProject
Global
	GlobalSection(SolutionConfigurationPlatforms) = preSolution
		Debug|Any CPU = Debug|Any CPU
		Release|Any CPU = Release|Any CPU
	EndGlobalSection
	GlobalSection(ProjectConfigurationPlatforms) = postSolution
		{11AA544D-06C6-45FA-9986-9124F47F3CFC}.Debug|Any CPU.ActiveCfg = Debug|Any CPU
		{11AA544D-06C6-45FA-9986-9124F47F3CFC}.Debug|Any CPU.Build.0 = Debug|Any CPU
		{11AA544D-06C6-45FA-9986-9124F47F3CFC}.Release|Any CPU.ActiveCfg = Release|Any CPU
		{11AA544D-06C6-45FA-9986-9124F47F3CFC}.Release|Any CPU.Build.0 = Release|Any CPU
		{0674D337-AC64-40B0-B255-39889F82BC13}.Debug|Any CPU.ActiveCfg = Debug|Any CPU
		{0674D337-AC64-40B0-B255-39889F82BC13}.Debug|Any CPU.Build.0 = Debug|Any CPU
		{0674D337-AC64-40B0-B255-39889F82BC13}.Release|Any CPU.ActiveCfg = Release|Any CPU
		{0674D337-AC64-40B0-B255-39889F82BC13}.Release|Any CPU.Build.0 = Release|Any CPU
		{675FA31E-34AE-4FEF-A33D-6EEFCFD0B382}.Debug|Any CPU.ActiveCfg = Debug|Any CPU
		{675FA31E-34AE-4FEF-A33D-6EEFCFD0B382}.Debug|Any CPU.Build.0 = Debug|Any CPU
		{675FA31E-34AE-4FEF-A33D-6EEFCFD0B382}.Release|Any CPU.ActiveCfg = Release|Any CPU
		{675FA31E-34AE-4FEF-A33D-6EEFCFD0B382}.Release|Any CPU.Build.0 = Release|Any CPU
		{4C15A35F-B5BB-4AAA-9B94-087B6A720240}.Debug|Any CPU.ActiveCfg = Debug|Any CPU
		{4C15A35F-B5BB-4AAA-9B94-087B6A720240}.Debug|Any CPU.Build.0 = Debug|Any CPU
		{4C15A35F-B5BB-4AAA-9B94-087B6A720240}.Release|Any CPU.ActiveCfg = Release|Any CPU
		{4C15A35F-B5BB-4AAA-9B94-087B6A720240}.Release|Any CPU.Build.0 = Release|Any CPU
		{70728011-8608-47EF-A425-FE3FC6D1D710}.Debug|Any CPU.ActiveCfg = Debug|Any CPU
		{70728011-8608-47EF-A425-FE3FC6D1D710}.Debug|Any CPU.Build.0 = Debug|Any CPU
		{70728011-8608-47EF-A425-FE3FC6D1D710}.Release|Any CPU.ActiveCfg = Release|Any CPU
		{70728011-8608-47EF-A425-FE3FC6D1D710}.Release|Any CPU.Build.0 = Release|Any CPU
		{A5B42EDD-D923-4BB9-A719-37CC415E96FC}.Debug|Any CPU.ActiveCfg = Debug|Any CPU
		{A5B42EDD-D923-4BB9-A719-37CC415E96FC}.Debug|Any CPU.Build.0 = Debug|Any CPU
		{A5B42EDD-D923-4BB9-A719-37CC415E96FC}.Release|Any CPU.ActiveCfg = Release|Any CPU
		{A5B42EDD-D923-4BB9-A719-37CC415E96FC}.Release|Any CPU.Build.0 = Release|Any CPU
		{6D6D9EED-75E8-4DA9-B561-C2949E4325DA}.Debug|Any CPU.ActiveCfg = Debug|Any CPU
		{6D6D9EED-75E8-4DA9-B561-C2949E4325DA}.Debug|Any CPU.Build.0 = Debug|Any CPU
		{6D6D9EED-75E8-4DA9-B561-C2949E4325DA}.Release|Any CPU.ActiveCfg = Release|Any CPU
		{6D6D9EED-75E8-4DA9-B561-C2949E4325DA}.Release|Any CPU.Build.0 = Release|Any CPU
		{BB941E88-7C04-4276-BB9E-CFCBF2ADD40E}.Debug|Any CPU.ActiveCfg = Debug|Any CPU
		{BB941E88-7C04-4276-BB9E-CFCBF2ADD40E}.Debug|Any CPU.Build.0 = Debug|Any CPU
		{BB941E88-7C04-4276-BB9E-CFCBF2ADD40E}.Release|Any CPU.ActiveCfg = Release|Any CPU
		{BB941E88-7C04-4276-BB9E-CFCBF2ADD40E}.Release|Any CPU.Build.0 = Release|Any CPU
		{985F839E-6F9F-4727-95FA-98C3E8906C68}.Debug|Any CPU.ActiveCfg = Debug|Any CPU
		{985F839E-6F9F-4727-95FA-98C3E8906C68}.Debug|Any CPU.Build.0 = Debug|Any CPU
		{985F839E-6F9F-4727-95FA-98C3E8906C68}.Release|Any CPU.ActiveCfg = Release|Any CPU
		{985F839E-6F9F-4727-95FA-98C3E8906C68}.Release|Any CPU.Build.0 = Release|Any CPU
		{81D3C3F5-ACC2-402F-ACED-BDB5C0F7D59B}.Debug|Any CPU.ActiveCfg = Debug|Any CPU
		{81D3C3F5-ACC2-402F-ACED-BDB5C0F7D59B}.Debug|Any CPU.Build.0 = Debug|Any CPU
		{81D3C3F5-ACC2-402F-ACED-BDB5C0F7D59B}.Release|Any CPU.ActiveCfg = Release|Any CPU
		{81D3C3F5-ACC2-402F-ACED-BDB5C0F7D59B}.Release|Any CPU.Build.0 = Release|Any CPU
		{1EDA7EDF-BCFC-4A11-B568-C87D8ADDD623}.Debug|Any CPU.ActiveCfg = Debug|Any CPU
		{1EDA7EDF-BCFC-4A11-B568-C87D8ADDD623}.Debug|Any CPU.Build.0 = Debug|Any CPU
		{1EDA7EDF-BCFC-4A11-B568-C87D8ADDD623}.Release|Any CPU.ActiveCfg = Release|Any CPU
		{1EDA7EDF-BCFC-4A11-B568-C87D8ADDD623}.Release|Any CPU.Build.0 = Release|Any CPU
		{35738D0F-816F-4695-B917-2F6BC90C79A5}.Debug|Any CPU.ActiveCfg = Debug|Any CPU
		{35738D0F-816F-4695-B917-2F6BC90C79A5}.Debug|Any CPU.Build.0 = Debug|Any CPU
		{35738D0F-816F-4695-B917-2F6BC90C79A5}.Release|Any CPU.ActiveCfg = Release|Any CPU
		{35738D0F-816F-4695-B917-2F6BC90C79A5}.Release|Any CPU.Build.0 = Release|Any CPU
	EndGlobalSection
	GlobalSection(SolutionProperties) = preSolution
		HideSolutionNode = FALSE
	EndGlobalSection
	GlobalSection(NestedProjects) = preSolution
		{93C6A1CD-3447-42B9-BA31-BFE57DC2660A} = {9BE7B8C8-8C76-4E7D-BD97-A2EE7C22BF4E}
		{11AA544D-06C6-45FA-9986-9124F47F3CFC} = {93C6A1CD-3447-42B9-BA31-BFE57DC2660A}
		{BC248035-3995-4FC6-AE14-6EC17E57AE38} = {9BE7B8C8-8C76-4E7D-BD97-A2EE7C22BF4E}
		{675FA31E-34AE-4FEF-A33D-6EEFCFD0B382} = {BC248035-3995-4FC6-AE14-6EC17E57AE38}
		{4A7AEF43-1B82-430D-91DF-8ABE9EB93183} = {9BE7B8C8-8C76-4E7D-BD97-A2EE7C22BF4E}
		{4C15A35F-B5BB-4AAA-9B94-087B6A720240} = {4A7AEF43-1B82-430D-91DF-8ABE9EB93183}
		{70728011-8608-47EF-A425-FE3FC6D1D710} = {4A7AEF43-1B82-430D-91DF-8ABE9EB93183}
		{86C04C58-6E0F-494D-A89C-209BFA8FDA81} = {9BE7B8C8-8C76-4E7D-BD97-A2EE7C22BF4E}
		{A5B42EDD-D923-4BB9-A719-37CC415E96FC} = {86C04C58-6E0F-494D-A89C-209BFA8FDA81}
		{6D6D9EED-75E8-4DA9-B561-C2949E4325DA} = {86C04C58-6E0F-494D-A89C-209BFA8FDA81}
		{BB941E88-7C04-4276-BB9E-CFCBF2ADD40E} = {86C04C58-6E0F-494D-A89C-209BFA8FDA81}
		{985F839E-6F9F-4727-95FA-98C3E8906C68} = {86C04C58-6E0F-494D-A89C-209BFA8FDA81}
		{81D3C3F5-ACC2-402F-ACED-BDB5C0F7D59B} = {43AE9F7C-E98C-4FC7-BA48-1438FB4DCEB7}
		{1EDA7EDF-BCFC-4A11-B568-C87D8ADDD623} = {7A4E1627-2175-4F76-BE90-5B60E8415EDA}
		{35738D0F-816F-4695-B917-2F6BC90C79A5} = {7A4E1627-2175-4F76-BE90-5B60E8415EDA}
	EndGlobalSection
	GlobalSection(ExtensibilityGlobals) = postSolution
		SolutionGuid = {AFCAC244-E514-4FD5-94A0-4A36E0E39532}
	EndGlobalSection
EndGlobal
